
Microsoft Visual Studio Solution File, Format Version 12.00
# Visual Studio Version 16
VisualStudioVersion = 16.0.29519.87
MinimumVisualStudioVersion = 10.0.40219.1
Project("{FAE04EC0-301F-11D3-BF4B-00C04F79EFBC}") = "test_automation", "test_automation.csproj", "{EE60D27B-30AB-493E-8BFC-419E7C8A62FC}"
EndProject
Global
	GlobalSection(SolutionConfigurationPlatforms) = preSolution
		Debug|Any CPU = Debug|Any CPU
		Release|Any CPU = Release|Any CPU
	EndGlobalSection
	GlobalSection(ProjectConfigurationPlatforms) = postSolution
		{EE60D27B-30AB-493E-8BFC-419E7C8A62FC}.Debug|Any CPU.ActiveCfg = Debug|Any CPU
		{EE60D27B-30AB-493E-8BFC-419E7C8A62FC}.Debug|Any CPU.Build.0 = Debug|Any CPU
		{EE60D27B-30AB-493E-8BFC-419E7C8A62FC}.Release|Any CPU.ActiveCfg = Release|Any CPU
		{EE60D27B-30AB-493E-8BFC-419E7C8A62FC}.Release|Any CPU.Build.0 = Release|Any CPU
	EndGlobalSection
	GlobalSection(SolutionProperties) = preSolution
		HideSolutionNode = FALSE
	EndGlobalSection
	GlobalSection(ExtensibilityGlobals) = postSolution
		SolutionGuid = {C0D6A1E3-AFF6-4E21-8E5C-AE92D741DB08}
	EndGlobalSection
EndGlobal
